// !$*UTF8*$!
{
	archiveVersion = 1;
	classes = {
	};
	objectVersion = 56;
	objects = {

/* Begin PBXBuildFile section */
		48B70EBF2993274B00A0AB05 /* AppDelegate.swift in Sources */ = {isa = PBXBuildFile; fileRef = 48B70EBE2993274B00A0AB05 /* AppDelegate.swift */; };
		48B70EC12993274B00A0AB05 /* SceneDelegate.swift in Sources */ = {isa = PBXBuildFile; fileRef = 48B70EC02993274B00A0AB05 /* SceneDelegate.swift */; };
		48B70EC32993274B00A0AB05 /* ViewController.swift in Sources */ = {isa = PBXBuildFile; fileRef = 48B70EC22993274B00A0AB05 /* ViewController.swift */; };
		48B70EC62993274B00A0AB05 /* Main.storyboard in Resources */ = {isa = PBXBuildFile; fileRef = 48B70EC42993274B00A0AB05 /* Main.storyboard */; };
		48B70EC82993274D00A0AB05 /* Assets.xcassets in Resources */ = {isa = PBXBuildFile; fileRef = 48B70EC72993274D00A0AB05 /* Assets.xcassets */; };
		48B70ECB2993274D00A0AB05 /* LaunchScreen.storyboard in Resources */ = {isa = PBXBuildFile; fileRef = 48B70EC92993274D00A0AB05 /* LaunchScreen.storyboard */; };
		48B70ED62993274E00A0AB05 /* InfoTerraTests.swift in Sources */ = {isa = PBXBuildFile; fileRef = 48B70ED52993274E00A0AB05 /* InfoTerraTests.swift */; };
		48B70EE02993274E00A0AB05 /* InfoTerraUITests.swift in Sources */ = {isa = PBXBuildFile; fileRef = 48B70EDF2993274E00A0AB05 /* InfoTerraUITests.swift */; };
		48B70EE22993274E00A0AB05 /* InfoTerraUITestsLaunchTests.swift in Sources */ = {isa = PBXBuildFile; fileRef = 48B70EE12993274E00A0AB05 /* InfoTerraUITestsLaunchTests.swift */; };
/* End PBXBuildFile section */

/* Begin PBXContainerItemProxy section */
		48B70ED22993274E00A0AB05 /* PBXContainerItemProxy */ = {
			isa = PBXContainerItemProxy;
			containerPortal = 48B70EB32993274B00A0AB05 /* Project object */;
			proxyType = 1;
			remoteGlobalIDString = 48B70EBA2993274B00A0AB05;
			remoteInfo = InfoTerra;
		};
		48B70EDC2993274E00A0AB05 /* PBXContainerItemProxy */ = {
			isa = PBXContainerItemProxy;
			containerPortal = 48B70EB32993274B00A0AB05 /* Project object */;
			proxyType = 1;
			remoteGlobalIDString = 48B70EBA2993274B00A0AB05;
			remoteInfo = InfoTerra;
		};
/* End PBXContainerItemProxy section */

/* Begin PBXFileReference section */
		48B70EBB2993274B00A0AB05 /* InfoTerra.app */ = {isa = PBXFileReference; explicitFileType = wrapper.application; includeInIndex = 0; path = InfoTerra.app; sourceTree = BUILT_PRODUCTS_DIR; };
		48B70EBE2993274B00A0AB05 /* AppDelegate.swift */ = {isa = PBXFileReference; lastKnownFileType = sourcecode.swift; path = AppDelegate.swift; sourceTree = "<group>"; };
		48B70EC02993274B00A0AB05 /* SceneDelegate.swift */ = {isa = PBXFileReference; lastKnownFileType = sourcecode.swift; path = SceneDelegate.swift; sourceTree = "<group>"; };
		48B70EC22993274B00A0AB05 /* ViewController.swift */ = {isa = PBXFileReference; lastKnownFileType = sourcecode.swift; path = ViewController.swift; sourceTree = "<group>"; };
		48B70EC52993274B00A0AB05 /* Base */ = {isa = PBXFileReference; lastKnownFileType = file.storyboard; name = Base; path = Base.lproj/Main.storyboard; sourceTree = "<group>"; };
		48B70EC72993274D00A0AB05 /* Assets.xcassets */ = {isa = PBXFileReference; lastKnownFileType = folder.assetcatalog; path = Assets.xcassets; sourceTree = "<group>"; };
		48B70ECA2993274D00A0AB05 /* Base */ = {isa = PBXFileReference; lastKnownFileType = file.storyboard; name = Base; path = Base.lproj/LaunchScreen.storyboard; sourceTree = "<group>"; };
		48B70ECC2993274D00A0AB05 /* Info.plist */ = {isa = PBXFileReference; lastKnownFileType = text.plist.xml; path = Info.plist; sourceTree = "<group>"; };
		48B70ED12993274D00A0AB05 /* InfoTerraTests.xctest */ = {isa = PBXFileReference; explicitFileType = wrapper.cfbundle; includeInIndex = 0; path = InfoTerraTests.xctest; sourceTree = BUILT_PRODUCTS_DIR; };
		48B70ED52993274E00A0AB05 /* InfoTerraTests.swift */ = {isa = PBXFileReference; lastKnownFileType = sourcecode.swift; path = InfoTerraTests.swift; sourceTree = "<group>"; };
		48B70EDB2993274E00A0AB05 /* InfoTerraUITests.xctest */ = {isa = PBXFileReference; explicitFileType = wrapper.cfbundle; includeInIndex = 0; path = InfoTerraUITests.xctest; sourceTree = BUILT_PRODUCTS_DIR; };
		48B70EDF2993274E00A0AB05 /* InfoTerraUITests.swift */ = {isa = PBXFileReference; lastKnownFileType = sourcecode.swift; path = InfoTerraUITests.swift; sourceTree = "<group>"; };
		48B70EE12993274E00A0AB05 /* InfoTerraUITestsLaunchTests.swift */ = {isa = PBXFileReference; lastKnownFileType = sourcecode.swift; path = InfoTerraUITestsLaunchTests.swift; sourceTree = "<group>"; };
/* End PBXFileReference section */

/* Begin PBXFrameworksBuildPhase section */
		48B70EB82993274B00A0AB05 /* Frameworks */ = {
			isa = PBXFrameworksBuildPhase;
			buildActionMask = 2147483647;
			files = (
			);
			runOnlyForDeploymentPostprocessing = 0;
		};
		48B70ECE2993274D00A0AB05 /* Frameworks */ = {
			isa = PBXFrameworksBuildPhase;
			buildActionMask = 2147483647;
			files = (
			);
			runOnlyForDeploymentPostprocessing = 0;
		};
		48B70ED82993274E00A0AB05 /* Frameworks */ = {
			isa = PBXFrameworksBuildPhase;
			buildActionMask = 2147483647;
			files = (
			);
			runOnlyForDeploymentPostprocessing = 0;
		};
/* End PBXFrameworksBuildPhase section */

/* Begin PBXGroup section */
		48B70EB22993274B00A0AB05 = {
			isa = PBXGroup;
			children = (
				48B70EBD2993274B00A0AB05 /* InfoTerra */,
				48B70ED42993274E00A0AB05 /* InfoTerraTests */,
				48B70EDE2993274E00A0AB05 /* InfoTerraUITests */,
				48B70EBC2993274B00A0AB05 /* Products */,
			);
			sourceTree = "<group>";
		};
		48B70EBC2993274B00A0AB05 /* Products */ = {
			isa = PBXGroup;
			children = (
				48B70EBB2993274B00A0AB05 /* InfoTerra.app */,
				48B70ED12993274D00A0AB05 /* InfoTerraTests.xctest */,
				48B70EDB2993274E00A0AB05 /* InfoTerraUITests.xctest */,
			);
			name = Products;
			sourceTree = "<group>";
		};
		48B70EBD2993274B00A0AB05 /* InfoTerra */ = {
			isa = PBXGroup;
			children = (
				48B70EBE2993274B00A0AB05 /* AppDelegate.swift */,
				48B70EC02993274B00A0AB05 /* SceneDelegate.swift */,
				48B70EC22993274B00A0AB05 /* ViewController.swift */,
				48B70EC42993274B00A0AB05 /* Main.storyboard */,
				48B70EC72993274D00A0AB05 /* Assets.xcassets */,
				48B70EC92993274D00A0AB05 /* LaunchScreen.storyboard */,
				48B70ECC2993274D00A0AB05 /* Info.plist */,
			);
			path = InfoTerra;
			sourceTree = "<group>";
		};
		48B70ED42993274E00A0AB05 /* InfoTerraTests */ = {
			isa = PBXGroup;
			children = (
				48B70ED52993274E00A0AB05 /* InfoTerraTests.swift */,
			);
			path = InfoTerraTests;
			sourceTree = "<group>";
		};
		48B70EDE2993274E00A0AB05 /* InfoTerraUITests */ = {
			isa = PBXGroup;
			children = (
				48B70EDF2993274E00A0AB05 /* InfoTerraUITests.swift */,
				48B70EE12993274E00A0AB05 /* InfoTerraUITestsLaunchTests.swift */,
			);
			path = InfoTerraUITests;
			sourceTree = "<group>";
		};
/* End PBXGroup section */

/* Begin PBXNativeTarget section */
		48B70EBA2993274B00A0AB05 /* InfoTerra */ = {
			isa = PBXNativeTarget;
			buildConfigurationList = 48B70EE52993274E00A0AB05 /* Build configuration list for PBXNativeTarget "InfoTerra" */;
			buildPhases = (
				48B70EB72993274B00A0AB05 /* Sources */,
				48B70EB82993274B00A0AB05 /* Frameworks */,
				48B70EB92993274B00A0AB05 /* Resources */,
			);
			buildRules = (
			);
			dependencies = (
			);
			name = InfoTerra;
			productName = InfoTerra;
			productReference = 48B70EBB2993274B00A0AB05 /* InfoTerra.app */;
			productType = "com.apple.product-type.application";
		};
		48B70ED02993274D00A0AB05 /* InfoTerraTests */ = {
			isa = PBXNativeTarget;
			buildConfigurationList = 48B70EE82993274E00A0AB05 /* Build configuration list for PBXNativeTarget "InfoTerraTests" */;
			buildPhases = (
				48B70ECD2993274D00A0AB05 /* Sources */,
				48B70ECE2993274D00A0AB05 /* Frameworks */,
				48B70ECF2993274D00A0AB05 /* Resources */,
			);
			buildRules = (
			);
			dependencies = (
				48B70ED32993274E00A0AB05 /* PBXTargetDependency */,
			);
			name = InfoTerraTests;
			productName = InfoTerraTests;
			productReference = 48B70ED12993274D00A0AB05 /* InfoTerraTests.xctest */;
			productType = "com.apple.product-type.bundle.unit-test";
		};
		48B70EDA2993274E00A0AB05 /* InfoTerraUITests */ = {
			isa = PBXNativeTarget;
			buildConfigurationList = 48B70EEB2993274E00A0AB05 /* Build configuration list for PBXNativeTarget "InfoTerraUITests" */;
			buildPhases = (
				48B70ED72993274E00A0AB05 /* Sources */,
				48B70ED82993274E00A0AB05 /* Frameworks */,
				48B70ED92993274E00A0AB05 /* Resources */,
			);
			buildRules = (
			);
			dependencies = (
				48B70EDD2993274E00A0AB05 /* PBXTargetDependency */,
			);
			name = InfoTerraUITests;
			productName = InfoTerraUITests;
			productReference = 48B70EDB2993274E00A0AB05 /* InfoTerraUITests.xctest */;
			productType = "com.apple.product-type.bundle.ui-testing";
		};
/* End PBXNativeTarget section */

/* Begin PBXProject section */
		48B70EB32993274B00A0AB05 /* Project object */ = {
			isa = PBXProject;
			attributes = {
				BuildIndependentTargetsInParallel = 1;
				LastSwiftUpdateCheck = 1420;
				LastUpgradeCheck = 1420;
				TargetAttributes = {
					48B70EBA2993274B00A0AB05 = {
						CreatedOnToolsVersion = 14.2;
					};
					48B70ED02993274D00A0AB05 = {
						CreatedOnToolsVersion = 14.2;
						TestTargetID = 48B70EBA2993274B00A0AB05;
					};
					48B70EDA2993274E00A0AB05 = {
						CreatedOnToolsVersion = 14.2;
						TestTargetID = 48B70EBA2993274B00A0AB05;
					};
				};
			};
			buildConfigurationList = 48B70EB62993274B00A0AB05 /* Build configuration list for PBXProject "InfoTerra" */;
			compatibilityVersion = "Xcode 14.0";
			developmentRegion = en;
			hasScannedForEncodings = 0;
			knownRegions = (
				en,
				Base,
			);
			mainGroup = 48B70EB22993274B00A0AB05;
			productRefGroup = 48B70EBC2993274B00A0AB05 /* Products */;
			projectDirPath = "";
			projectRoot = "";
			targets = (
				48B70EBA2993274B00A0AB05 /* InfoTerra */,
				48B70ED02993274D00A0AB05 /* InfoTerraTests */,
				48B70EDA2993274E00A0AB05 /* InfoTerraUITests */,
			);
		};
/* End PBXProject section */

/* Begin PBXResourcesBuildPhase section */
		48B70EB92993274B00A0AB05 /* Resources */ = {
			isa = PBXResourcesBuildPhase;
			buildActionMask = 2147483647;
			files = (
				48B70ECB2993274D00A0AB05 /* LaunchScreen.storyboard in Resources */,
				48B70EC82993274D00A0AB05 /* Assets.xcassets in Resources */,
				48B70EC62993274B00A0AB05 /* Main.storyboard in Resources */,
			);
			runOnlyForDeploymentPostprocessing = 0;
		};
		48B70ECF2993274D00A0AB05 /* Resources */ = {
			isa = PBXResourcesBuildPhase;
			buildActionMask = 2147483647;
			files = (
			);
			runOnlyForDeploymentPostprocessing = 0;
		};
		48B70ED92993274E00A0AB05 /* Resources */ = {
			isa = PBXResourcesBuildPhase;
			buildActionMask = 2147483647;
			files = (
			);
			runOnlyForDeploymentPostprocessing = 0;
		};
/* End PBXResourcesBuildPhase section */

/* Begin PBXSourcesBuildPhase section */
		48B70EB72993274B00A0AB05 /* Sources */ = {
			isa = PBXSourcesBuildPhase;
			buildActionMask = 2147483647;
			files = (
				48B70EC32993274B00A0AB05 /* ViewController.swift in Sources */,
				48B70EBF2993274B00A0AB05 /* AppDelegate.swift in Sources */,
				48B70EC12993274B00A0AB05 /* SceneDelegate.swift in Sources */,
			);
			runOnlyForDeploymentPostprocessing = 0;
		};
		48B70ECD2993274D00A0AB05 /* Sources */ = {
			isa = PBXSourcesBuildPhase;
			buildActionMask = 2147483647;
			files = (
				48B70ED62993274E00A0AB05 /* InfoTerraTests.swift in Sources */,
			);
			runOnlyForDeploymentPostprocessing = 0;
		};
		48B70ED72993274E00A0AB05 /* Sources */ = {
			isa = PBXSourcesBuildPhase;
			buildActionMask = 2147483647;
			files = (
				48B70EE02993274E00A0AB05 /* InfoTerraUITests.swift in Sources */,
				48B70EE22993274E00A0AB05 /* InfoTerraUITestsLaunchTests.swift in Sources */,
			);
			runOnlyForDeploymentPostprocessing = 0;
		};
/* End PBXSourcesBuildPhase section */

/* Begin PBXTargetDependency section */
		48B70ED32993274E00A0AB05 /* PBXTargetDependency */ = {
			isa = PBXTargetDependency;
			target = 48B70EBA2993274B00A0AB05 /* InfoTerra */;
			targetProxy = 48B70ED22993274E00A0AB05 /* PBXContainerItemProxy */;
		};
		48B70EDD2993274E00A0AB05 /* PBXTargetDependency */ = {
			isa = PBXTargetDependency;
			target = 48B70EBA2993274B00A0AB05 /* InfoTerra */;
			targetProxy = 48B70EDC2993274E00A0AB05 /* PBXContainerItemProxy */;
		};
/* End PBXTargetDependency section */

/* Begin PBXVariantGroup section */
		48B70EC42993274B00A0AB05 /* Main.storyboard */ = {
			isa = PBXVariantGroup;
			children = (
				48B70EC52993274B00A0AB05 /* Base */,
			);
			name = Main.storyboard;
			sourceTree = "<group>";
		};
		48B70EC92993274D00A0AB05 /* LaunchScreen.storyboard */ = {
			isa = PBXVariantGroup;
			children = (
				48B70ECA2993274D00A0AB05 /* Base */,
			);
			name = LaunchScreen.storyboard;
			sourceTree = "<group>";
		};
/* End PBXVariantGroup section */

/* Begin XCBuildConfiguration section */
		48B70EE32993274E00A0AB05 /* Debug */ = {
			isa = XCBuildConfiguration;
			buildSettings = {
				ALWAYS_SEARCH_USER_PATHS = NO;
				CLANG_ANALYZER_NONNULL = YES;
				CLANG_ANALYZER_NUMBER_OBJECT_CONVERSION = YES_AGGRESSIVE;
				CLANG_CXX_LANGUAGE_STANDARD = "gnu++20";
				CLANG_ENABLE_MODULES = YES;
				CLANG_ENABLE_OBJC_ARC = YES;
				CLANG_ENABLE_OBJC_WEAK = YES;
				CLANG_WARN_BLOCK_CAPTURE_AUTORELEASING = YES;
				CLANG_WARN_BOOL_CONVERSION = YES;
				CLANG_WARN_COMMA = YES;
				CLANG_WARN_CONSTANT_CONVERSION = YES;
				CLANG_WARN_DEPRECATED_OBJC_IMPLEMENTATIONS = YES;
				CLANG_WARN_DIRECT_OBJC_ISA_USAGE = YES_ERROR;
				CLANG_WARN_DOCUMENTATION_COMMENTS = YES;
				CLANG_WARN_EMPTY_BODY = YES;
				CLANG_WARN_ENUM_CONVERSION = YES;
				CLANG_WARN_INFINITE_RECURSION = YES;
				CLANG_WARN_INT_CONVERSION = YES;
				CLANG_WARN_NON_LITERAL_NULL_CONVERSION = YES;
				CLANG_WARN_OBJC_IMPLICIT_RETAIN_SELF = YES;
				CLANG_WARN_OBJC_LITERAL_CONVERSION = YES;
				CLANG_WARN_OBJC_ROOT_CLASS = YES_ERROR;
				CLANG_WARN_QUOTED_INCLUDE_IN_FRAMEWORK_HEADER = YES;
				CLANG_WARN_RANGE_LOOP_ANALYSIS = YES;
				CLANG_WARN_STRICT_PROTOTYPES = YES;
				CLANG_WARN_SUSPICIOUS_MOVE = YES;
				CLANG_WARN_UNGUARDED_AVAILABILITY = YES_AGGRESSIVE;
				CLANG_WARN_UNREACHABLE_CODE = YES;
				CLANG_WARN__DUPLICATE_METHOD_MATCH = YES;
				COPY_PHASE_STRIP = NO;
				DEBUG_INFORMATION_FORMAT = dwarf;
				ENABLE_STRICT_OBJC_MSGSEND = YES;
				ENABLE_TESTABILITY = YES;
				GCC_C_LANGUAGE_STANDARD = gnu11;
				GCC_DYNAMIC_NO_PIC = NO;
				GCC_NO_COMMON_BLOCKS = YES;
				GCC_OPTIMIZATION_LEVEL = 0;
				GCC_PREPROCESSOR_DEFINITIONS = (
					"DEBUG=1",
					"$(inherited)",
				);
				GCC_WARN_64_TO_32_BIT_CONVERSION = YES;
				GCC_WARN_ABOUT_RETURN_TYPE = YES_ERROR;
				GCC_WARN_UNDECLARED_SELECTOR = YES;
				GCC_WARN_UNINITIALIZED_AUTOS = YES_AGGRESSIVE;
				GCC_WARN_UNUSED_FUNCTION = YES;
				GCC_WARN_UNUSED_VARIABLE = YES;
				IPHONEOS_DEPLOYMENT_TARGET = 16.2;
				MTL_ENABLE_DEBUG_INFO = INCLUDE_SOURCE;
				MTL_FAST_MATH = YES;
				ONLY_ACTIVE_ARCH = YES;
				SDKROOT = iphoneos;
				SWIFT_ACTIVE_COMPILATION_CONDITIONS = DEBUG;
				SWIFT_OPTIMIZATION_LEVEL = "-Onone";
			};
			name = Debug;
		};
		48B70EE42993274E00A0AB05 /* Release */ = {
			isa = XCBuildConfiguration;
			buildSettings = {
				ALWAYS_SEARCH_USER_PATHS = NO;
				CLANG_ANALYZER_NONNULL = YES;
				CLANG_ANALYZER_NUMBER_OBJECT_CONVERSION = YES_AGGRESSIVE;
				CLANG_CXX_LANGUAGE_STANDARD = "gnu++20";
				CLANG_ENABLE_MODULES = YES;
				CLANG_ENABLE_OBJC_ARC = YES;
				CLANG_ENABLE_OBJC_WEAK = YES;
				CLANG_WARN_BLOCK_CAPTURE_AUTORELEASING = YES;
				CLANG_WARN_BOOL_CONVERSION = YES;
				CLANG_WARN_COMMA = YES;
				CLANG_WARN_CONSTANT_CONVERSION = YES;
				CLANG_WARN_DEPRECATED_OBJC_IMPLEMENTATIONS = YES;
				CLANG_WARN_DIRECT_OBJC_ISA_USAGE = YES_ERROR;
				CLANG_WARN_DOCUMENTATION_COMMENTS = YES;
				CLANG_WARN_EMPTY_BODY = YES;
				CLANG_WARN_ENUM_CONVERSION = YES;
				CLANG_WARN_INFINITE_RECURSION = YES;
				CLANG_WARN_INT_CONVERSION = YES;
				CLANG_WARN_NON_LITERAL_NULL_CONVERSION = YES;
				CLANG_WARN_OBJC_IMPLICIT_RETAIN_SELF = YES;
				CLANG_WARN_OBJC_LITERAL_CONVERSION = YES;
				CLANG_WARN_OBJC_ROOT_CLASS = YES_ERROR;
				CLANG_WARN_QUOTED_INCLUDE_IN_FRAMEWORK_HEADER = YES;
				CLANG_WARN_RANGE_LOOP_ANALYSIS = YES;
				CLANG_WARN_STRICT_PROTOTYPES = YES;
				CLANG_WARN_SUSPICIOUS_MOVE = YES;
				CLANG_WARN_UNGUARDED_AVAILABILITY = YES_AGGRESSIVE;
				CLANG_WARN_UNREACHABLE_CODE = YES;
				CLANG_WARN__DUPLICATE_METHOD_MATCH = YES;
				COPY_PHASE_STRIP = NO;
				DEBUG_INFORMATION_FORMAT = "dwarf-with-dsym";
				ENABLE_NS_ASSERTIONS = NO;
				ENABLE_STRICT_OBJC_MSGSEND = YES;
				GCC_C_LANGUAGE_STANDARD = gnu11;
				GCC_NO_COMMON_BLOCKS = YES;
				GCC_WARN_64_TO_32_BIT_CONVERSION = YES;
				GCC_WARN_ABOUT_RETURN_TYPE = YES_ERROR;
				GCC_WARN_UNDECLARED_SELECTOR = YES;
				GCC_WARN_UNINITIALIZED_AUTOS = YES_AGGRESSIVE;
				GCC_WARN_UNUSED_FUNCTION = YES;
				GCC_WARN_UNUSED_VARIABLE = YES;
				IPHONEOS_DEPLOYMENT_TARGET = 16.2;
				MTL_ENABLE_DEBUG_INFO = NO;
				MTL_FAST_MATH = YES;
				SDKROOT = iphoneos;
				SWIFT_COMPILATION_MODE = wholemodule;
				SWIFT_OPTIMIZATION_LEVEL = "-O";
				VALIDATE_PRODUCT = YES;
			};
			name = Release;
		};
		48B70EE62993274E00A0AB05 /* Debug */ = {
			isa = XCBuildConfiguration;
			buildSettings = {
				ASSETCATALOG_COMPILER_APPICON_NAME = AppIcon;
				ASSETCATALOG_COMPILER_GLOBAL_ACCENT_COLOR_NAME = AccentColor;
				CODE_SIGN_STYLE = Automatic;
				CURRENT_PROJECT_VERSION = 1;
				DEVELOPMENT_TEAM = H8YQBNNYZ2;
				GENERATE_INFOPLIST_FILE = YES;
				INFOPLIST_FILE = InfoTerra/Info.plist;
				INFOPLIST_KEY_UIApplicationSupportsIndirectInputEvents = YES;
				INFOPLIST_KEY_UILaunchStoryboardName = LaunchScreen;
				INFOPLIST_KEY_UIMainStoryboardFile = Main;
				INFOPLIST_KEY_UISupportedInterfaceOrientations_iPad = "UIInterfaceOrientationPortrait UIInterfaceOrientationPortraitUpsideDown UIInterfaceOrientationLandscapeLeft UIInterfaceOrientationLandscapeRight";
				INFOPLIST_KEY_UISupportedInterfaceOrientations_iPhone = "UIInterfaceOrientationPortrait UIInterfaceOrientationLandscapeLeft UIInterfaceOrientationLandscapeRight";
				LD_RUNPATH_SEARCH_PATHS = (
					"$(inherited)",
					"@executable_path/Frameworks",
				);
				MARKETING_VERSION = 1.0;
				PRODUCT_BUNDLE_IDENTIFIER = com.johnpadilla.InfoTerra;
				PRODUCT_NAME = "$(TARGET_NAME)";
				SWIFT_EMIT_LOC_STRINGS = YES;
				SWIFT_VERSION = 5.0;
				TARGETED_DEVICE_FAMILY = "1,2";
			};
			name = Debug;
		};
		48B70EE72993274E00A0AB05 /* Release */ = {
			isa = XCBuildConfiguration;
			buildSettings = {
				ASSETCATALOG_COMPILER_APPICON_NAME = AppIcon;
				ASSETCATALOG_COMPILER_GLOBAL_ACCENT_COLOR_NAME = AccentColor;
				CODE_SIGN_STYLE = Automatic;
				CURRENT_PROJECT_VERSION = 1;
				DEVELOPMENT_TEAM = H8YQBNNYZ2;
				GENERATE_INFOPLIST_FILE = YES;
				INFOPLIST_FILE = InfoTerra/Info.plist;
				INFOPLIST_KEY_UIApplicationSupportsIndirectInputEvents = YES;
				INFOPLIST_KEY_UILaunchStoryboardName = LaunchScreen;
				INFOPLIST_KEY_UIMainStoryboardFile = Main;
				INFOPLIST_KEY_UISupportedInterfaceOrientations_iPad = "UIInterfaceOrientationPortrait UIInterfaceOrientationPortraitUpsideDown UIInterfaceOrientationLandscapeLeft UIInterfaceOrientationLandscapeRight";
				INFOPLIST_KEY_UISupportedInterfaceOrientations_iPhone = "UIInterfaceOrientationPortrait UIInterfaceOrientationLandscapeLeft UIInterfaceOrientationLandscapeRight";
				LD_RUNPATH_SEARCH_PATHS = (
					"$(inherited)",
					"@executable_path/Frameworks",
				);
				MARKETING_VERSION = 1.0;
				PRODUCT_BUNDLE_IDENTIFIER = com.johnpadilla.InfoTerra;
				PRODUCT_NAME = "$(TARGET_NAME)";
				SWIFT_EMIT_LOC_STRINGS = YES;
				SWIFT_VERSION = 5.0;
				TARGETED_DEVICE_FAMILY = "1,2";
			};
			name = Release;
		};
		48B70EE92993274E00A0AB05 /* Debug */ = {
			isa = XCBuildConfiguration;
			buildSettings = {
				ALWAYS_EMBED_SWIFT_STANDARD_LIBRARIES = YES;
				BUNDLE_LOADER = "$(TEST_HOST)";
				CODE_SIGN_STYLE = Automatic;
				CURRENT_PROJECT_VERSION = 1;
				DEVELOPMENT_TEAM = H8YQBNNYZ2;
				GENERATE_INFOPLIST_FILE = YES;
				IPHONEOS_DEPLOYMENT_TARGET = 16.2;
				MARKETING_VERSION = 1.0;
				PRODUCT_BUNDLE_IDENTIFIER = com.johnpadilla.InfoTerraTests;
				PRODUCT_NAME = "$(TARGET_NAME)";
				SWIFT_EMIT_LOC_STRINGS = NO;
				SWIFT_VERSION = 5.0;
				TARGETED_DEVICE_FAMILY = "1,2";
				TEST_HOST = "$(BUILT_PRODUCTS_DIR)/InfoTerra.app/$(BUNDLE_EXECUTABLE_FOLDER_PATH)/InfoTerra";
			};
			name = Debug;
		};
		48B70EEA2993274E00A0AB05 /* Release */ = {
			isa = XCBuildConfiguration;
			buildSettings = {
				ALWAYS_EMBED_SWIFT_STANDARD_LIBRARIES = YES;
				BUNDLE_LOADER = "$(TEST_HOST)";
				CODE_SIGN_STYLE = Automatic;
				CURRENT_PROJECT_VERSION = 1;
				DEVELOPMENT_TEAM = H8YQBNNYZ2;
				GENERATE_INFOPLIST_FILE = YES;
				IPHONEOS_DEPLOYMENT_TARGET = 16.2;
				MARKETING_VERSION = 1.0;
				PRODUCT_BUNDLE_IDENTIFIER = com.johnpadilla.InfoTerraTests;
				PRODUCT_NAME = "$(TARGET_NAME)";
				SWIFT_EMIT_LOC_STRINGS = NO;
				SWIFT_VERSION = 5.0;
				TARGETED_DEVICE_FAMILY = "1,2";
				TEST_HOST = "$(BUILT_PRODUCTS_DIR)/InfoTerra.app/$(BUNDLE_EXECUTABLE_FOLDER_PATH)/InfoTerra";
			};
			name = Release;
		};
		48B70EEC2993274E00A0AB05 /* Debug */ = {
			isa = XCBuildConfiguration;
			buildSettings = {
				ALWAYS_EMBED_SWIFT_STANDARD_LIBRARIES = YES;
				CODE_SIGN_STYLE = Automatic;
				CURRENT_PROJECT_VERSION = 1;
				DEVELOPMENT_TEAM = H8YQBNNYZ2;
				GENERATE_INFOPLIST_FILE = YES;
				MARKETING_VERSION = 1.0;
				PRODUCT_BUNDLE_IDENTIFIER = com.johnpadilla.InfoTerraUITests;
				PRODUCT_NAME = "$(TARGET_NAME)";
				SWIFT_EMIT_LOC_STRINGS = NO;
				SWIFT_VERSION = 5.0;
				TARGETED_DEVICE_FAMILY = "1,2";
				TEST_TARGET_NAME = InfoTerra;
			};
			name = Debug;
		};
		48B70EED2993274E00A0AB05 /* Release */ = {
			isa = XCBuildConfiguration;
			buildSettings = {
				ALWAYS_EMBED_SWIFT_STANDARD_LIBRARIES = YES;
				CODE_SIGN_STYLE = Automatic;
				CURRENT_PROJECT_VERSION = 1;
				DEVELOPMENT_TEAM = H8YQBNNYZ2;
				GENERATE_INFOPLIST_FILE = YES;
				MARKETING_VERSION = 1.0;
				PRODUCT_BUNDLE_IDENTIFIER = com.johnpadilla.InfoTerraUITests;
				PRODUCT_NAME = "$(TARGET_NAME)";
				SWIFT_EMIT_LOC_STRINGS = NO;
				SWIFT_VERSION = 5.0;
				TARGETED_DEVICE_FAMILY = "1,2";
				TEST_TARGET_NAME = InfoTerra;
			};
			name = Release;
		};
/* End XCBuildConfiguration section */

/* Begin XCConfigurationList section */
		48B70EB62993274B00A0AB05 /* Build configuration list for PBXProject "InfoTerra" */ = {
			isa = XCConfigurationList;
			buildConfigurations = (
				48B70EE32993274E00A0AB05 /* Debug */,
				48B70EE42993274E00A0AB05 /* Release */,
			);
			defaultConfigurationIsVisible = 0;
			defaultConfigurationName = Release;
		};
		48B70EE52993274E00A0AB05 /* Build configuration list for PBXNativeTarget "InfoTerra" */ = {
			isa = XCConfigurationList;
			buildConfigurations = (
				48B70EE62993274E00A0AB05 /* Debug */,
				48B70EE72993274E00A0AB05 /* Release */,
			);
			defaultConfigurationIsVisible = 0;
			defaultConfigurationName = Release;
		};
		48B70EE82993274E00A0AB05 /* Build configuration list for PBXNativeTarget "InfoTerraTests" */ = {
			isa = XCConfigurationList;
			buildConfigurations = (
				48B70EE92993274E00A0AB05 /* Debug */,
				48B70EEA2993274E00A0AB05 /* Release */,
			);
			defaultConfigurationIsVisible = 0;
			defaultConfigurationName = Release;
		};
		48B70EEB2993274E00A0AB05 /* Build configuration list for PBXNativeTarget "InfoTerraUITests" */ = {
			isa = XCConfigurationList;
			buildConfigurations = (
				48B70EEC2993274E00A0AB05 /* Debug */,
				48B70EED2993274E00A0AB05 /* Release */,
			);
			defaultConfigurationIsVisible = 0;
			defaultConfigurationName = Release;
		};
/* End XCConfigurationList section */
	};
	rootObject = 48B70EB32993274B00A0AB05 /* Project object */;
}
